
Microsoft Visual Studio Solution File, Format Version 12.00
# Visual Studio Version 18
VisualStudioVersion = 18.2.11415.280 d18.0
MinimumVisualStudioVersion = 10.0.40219.1
Project("{FAE04EC0-301F-11D3-BF4B-00C04F79EFBC}") = "ArchipelagoBepin5Template", "ArchipelagoBepin5Template.csproj", "{15C57D2F-FBE4-C69A-DCBA-D1DF326E9670}"
EndProject
Global
	GlobalSection(SolutionConfigurationPlatforms) = preSolution
		Debug|Any CPU = Debug|Any CPU
		Release|Any CPU = Release|Any CPU
	EndGlobalSection
	GlobalSection(ProjectConfigurationPlatforms) = postSolution
		{15C57D2F-FBE4-C69A-DCBA-D1DF326E9670}.Debug|Any CPU.ActiveCfg = Debug|Any CPU
		{15C57D2F-FBE4-C69A-DCBA-D1DF326E9670}.Debug|Any CPU.Build.0 = Debug|Any CPU
		{15C57D2F-FBE4-C69A-DCBA-D1DF326E9670}.Release|Any CPU.ActiveCfg = Release|Any CPU
		{15C57D2F-FBE4-C69A-DCBA-D1DF326E9670}.Release|Any CPU.Build.0 = Release|Any CPU
	EndGlobalSection
	GlobalSection(SolutionProperties) = preSolution
		HideSolutionNode = FALSE
	EndGlobalSection
	GlobalSection(ExtensibilityGlobals) = postSolution
		SolutionGuid = {3EFE5DD1-E8EA-4684-AA10-643DEB2DF44D}
	EndGlobalSection
EndGlobal
